
Microsoft Visual Studio Solution File, Format Version 12.00
Project("{FAE04EC0-301F-11D3-BF4B-00C04F79EFBC}") = "_build", "_build\_build.csproj", "{9D6BA87C-3A31-48AE-B3BA-4908F942A355}"
EndProject
Project("{2150E333-8FDC-42A3-9474-1A3956D46DE8}") = "SolutionItems", "SolutionItems", "{944CC49C-6218-4870-962D-1ED083D6F4AE}"
	ProjectSection(SolutionItems) = preProject
		..\README.md = ..\README.md
		Directory.Build.props = Directory.Build.props
		..\LICENCE.txt = ..\LICENCE.txt
		dotnet-tools.json = dotnet-tools.json
	EndProjectSection
EndProject
Project("{2150E333-8FDC-42A3-9474-1A3956D46DE8}") = "Integrations", "Integrations", "{6C0954CC-CF1B-46A4-B689-4177FFF8712E}"
EndProject
Project("{FAE04EC0-301F-11D3-BF4B-00C04F79EFBC}") = "TacticalNuke.GitLabRunner", "TacticalNuke.GitLabRunner\TacticalNuke.GitLabRunner.csproj", "{DDDC1911-E3DC-4204-902E-8C21782C1FC1}"
EndProject
Project("{FAE04EC0-301F-11D3-BF4B-00C04F79EFBC}") = "TacticalNuke", "TacticalNuke\TacticalNuke.csproj", "{3C361265-D8F5-443E-A3EC-7311883B544F}"
EndProject
Project("{FAE04EC0-301F-11D3-BF4B-00C04F79EFBC}") = "TacticalNuke.GitHubActions", "TacticalNuke.GitHubActions\TacticalNuke.GitHubActions.csproj", "{D959700F-293D-4CB7-BF59-DCDE7770B140}"
EndProject
Project("{FAE04EC0-301F-11D3-BF4B-00C04F79EFBC}") = "TacticalNuke.AzurePipelines", "TacticalNuke.AzurePipelines\TacticalNuke.AzurePipelines.csproj", "{CFD34FA2-72E7-4C1C-A557-D70AF4658E17}"
EndProject
Project("{FAE04EC0-301F-11D3-BF4B-00C04F79EFBC}") = "TacticalNuke.Bamboo", "TacticalNuke.Bamboo\TacticalNuke.Bamboo.csproj", "{0D4955CB-78CA-48A0-B64F-88A322560427}"
EndProject
Project("{FAE04EC0-301F-11D3-BF4B-00C04F79EFBC}") = "TacticalNuke.BitBucketPipelines", "TacticalNuke.BitBucketPipelines\TacticalNuke.BitBucketPipelines.csproj", "{88E08B34-0516-4171-9F0D-B6BA13D41092}"
EndProject
Project("{FAE04EC0-301F-11D3-BF4B-00C04F79EFBC}") = "TacticalNuke.TeamCity", "TacticalNuke.TeamCity\TacticalNuke.TeamCity.csproj", "{2AE4BCDA-1EA9-4B33-9257-5C7201306BEF}"
EndProject
Project("{FAE04EC0-301F-11D3-BF4B-00C04F79EFBC}") = "TacticalNuke.Serilog", "TacticalNuke.Serilog\TacticalNuke.Serilog.csproj", "{40EBFF62-E944-4909-BA20-F47896F19969}"
EndProject
Global
	GlobalSection(SolutionConfigurationPlatforms) = preSolution
		Debug|Any CPU = Debug|Any CPU
		Release|Any CPU = Release|Any CPU
	EndGlobalSection
	GlobalSection(ProjectConfigurationPlatforms) = postSolution
		{9D6BA87C-3A31-48AE-B3BA-4908F942A355}.Debug|Any CPU.ActiveCfg = Debug|Any CPU
		{9D6BA87C-3A31-48AE-B3BA-4908F942A355}.Debug|Any CPU.Build.0 = Debug|Any CPU
		{9D6BA87C-3A31-48AE-B3BA-4908F942A355}.Release|Any CPU.ActiveCfg = Release|Any CPU
		{9D6BA87C-3A31-48AE-B3BA-4908F942A355}.Release|Any CPU.Build.0 = Release|Any CPU
		{DDDC1911-E3DC-4204-902E-8C21782C1FC1}.Debug|Any CPU.ActiveCfg = Debug|Any CPU
		{DDDC1911-E3DC-4204-902E-8C21782C1FC1}.Debug|Any CPU.Build.0 = Debug|Any CPU
		{DDDC1911-E3DC-4204-902E-8C21782C1FC1}.Release|Any CPU.ActiveCfg = Release|Any CPU
		{DDDC1911-E3DC-4204-902E-8C21782C1FC1}.Release|Any CPU.Build.0 = Release|Any CPU
		{3C361265-D8F5-443E-A3EC-7311883B544F}.Debug|Any CPU.ActiveCfg = Debug|Any CPU
		{3C361265-D8F5-443E-A3EC-7311883B544F}.Debug|Any CPU.Build.0 = Debug|Any CPU
		{3C361265-D8F5-443E-A3EC-7311883B544F}.Release|Any CPU.ActiveCfg = Release|Any CPU
		{3C361265-D8F5-443E-A3EC-7311883B544F}.Release|Any CPU.Build.0 = Release|Any CPU
		{D959700F-293D-4CB7-BF59-DCDE7770B140}.Debug|Any CPU.ActiveCfg = Debug|Any CPU
		{D959700F-293D-4CB7-BF59-DCDE7770B140}.Debug|Any CPU.Build.0 = Debug|Any CPU
		{D959700F-293D-4CB7-BF59-DCDE7770B140}.Release|Any CPU.ActiveCfg = Release|Any CPU
		{D959700F-293D-4CB7-BF59-DCDE7770B140}.Release|Any CPU.Build.0 = Release|Any CPU
		{CFD34FA2-72E7-4C1C-A557-D70AF4658E17}.Debug|Any CPU.ActiveCfg = Debug|Any CPU
		{CFD34FA2-72E7-4C1C-A557-D70AF4658E17}.Debug|Any CPU.Build.0 = Debug|Any CPU
		{CFD34FA2-72E7-4C1C-A557-D70AF4658E17}.Release|Any CPU.ActiveCfg = Release|Any CPU
		{CFD34FA2-72E7-4C1C-A557-D70AF4658E17}.Release|Any CPU.Build.0 = Release|Any CPU
		{0D4955CB-78CA-48A0-B64F-88A322560427}.Debug|Any CPU.ActiveCfg = Debug|Any CPU
		{0D4955CB-78CA-48A0-B64F-88A322560427}.Debug|Any CPU.Build.0 = Debug|Any CPU
		{0D4955CB-78CA-48A0-B64F-88A322560427}.Release|Any CPU.ActiveCfg = Release|Any CPU
		{0D4955CB-78CA-48A0-B64F-88A322560427}.Release|Any CPU.Build.0 = Release|Any CPU
		{88E08B34-0516-4171-9F0D-B6BA13D41092}.Debug|Any CPU.ActiveCfg = Debug|Any CPU
		{88E08B34-0516-4171-9F0D-B6BA13D41092}.Debug|Any CPU.Build.0 = Debug|Any CPU
		{88E08B34-0516-4171-9F0D-B6BA13D41092}.Release|Any CPU.ActiveCfg = Release|Any CPU
		{88E08B34-0516-4171-9F0D-B6BA13D41092}.Release|Any CPU.Build.0 = Release|Any CPU
		{2AE4BCDA-1EA9-4B33-9257-5C7201306BEF}.Debug|Any CPU.ActiveCfg = Debug|Any CPU
		{2AE4BCDA-1EA9-4B33-9257-5C7201306BEF}.Debug|Any CPU.Build.0 = Debug|Any CPU
		{2AE4BCDA-1EA9-4B33-9257-5C7201306BEF}.Release|Any CPU.ActiveCfg = Release|Any CPU
		{2AE4BCDA-1EA9-4B33-9257-5C7201306BEF}.Release|Any CPU.Build.0 = Release|Any CPU
		{40EBFF62-E944-4909-BA20-F47896F19969}.Debug|Any CPU.ActiveCfg = Debug|Any CPU
		{40EBFF62-E944-4909-BA20-F47896F19969}.Debug|Any CPU.Build.0 = Debug|Any CPU
		{40EBFF62-E944-4909-BA20-F47896F19969}.Release|Any CPU.ActiveCfg = Release|Any CPU
		{40EBFF62-E944-4909-BA20-F47896F19969}.Release|Any CPU.Build.0 = Release|Any CPU
	EndGlobalSection
	GlobalSection(NestedProjects) = preSolution
		{DDDC1911-E3DC-4204-902E-8C21782C1FC1} = {6C0954CC-CF1B-46A4-B689-4177FFF8712E}
		{D959700F-293D-4CB7-BF59-DCDE7770B140} = {6C0954CC-CF1B-46A4-B689-4177FFF8712E}
		{CFD34FA2-72E7-4C1C-A557-D70AF4658E17} = {6C0954CC-CF1B-46A4-B689-4177FFF8712E}
		{0D4955CB-78CA-48A0-B64F-88A322560427} = {6C0954CC-CF1B-46A4-B689-4177FFF8712E}
		{88E08B34-0516-4171-9F0D-B6BA13D41092} = {6C0954CC-CF1B-46A4-B689-4177FFF8712E}
		{2AE4BCDA-1EA9-4B33-9257-5C7201306BEF} = {6C0954CC-CF1B-46A4-B689-4177FFF8712E}
		{40EBFF62-E944-4909-BA20-F47896F19969} = {6C0954CC-CF1B-46A4-B689-4177FFF8712E}
	EndGlobalSection
EndGlobal
